
Microsoft Visual Studio Solution File, Format Version 12.00
# Visual Studio Version 16
VisualStudioVersion = 16.0.29001.49
MinimumVisualStudioVersion = 10.0.40219.1
Project("{FAE04EC0-301F-11D3-BF4B-00C04F79EFBC}") = "Microfono", "Microfono\Microfono.csproj", "{F334320F-7E74-42CD-9A33-486A1DE01EE3}"
EndProject
Global
	GlobalSection(SolutionConfigurationPlatforms) = preSolution
		Debug|Any CPU = Debug|Any CPU
		Release|Any CPU = Release|Any CPU
	EndGlobalSection
	GlobalSection(ProjectConfigurationPlatforms) = postSolution
		{F334320F-7E74-42CD-9A33-486A1DE01EE3}.Debug|Any CPU.ActiveCfg = Debug|Any CPU
		{F334320F-7E74-42CD-9A33-486A1DE01EE3}.Debug|Any CPU.Build.0 = Debug|Any CPU
		{F334320F-7E74-42CD-9A33-486A1DE01EE3}.Release|Any CPU.ActiveCfg = Release|Any CPU
		{F334320F-7E74-42CD-9A33-486A1DE01EE3}.Release|Any CPU.Build.0 = Release|Any CPU
	EndGlobalSection
	GlobalSection(SolutionProperties) = preSolution
		HideSolutionNode = FALSE
	EndGlobalSection
	GlobalSection(ExtensibilityGlobals) = postSolution
		SolutionGuid = {E7A58671-927A-4266-93F1-FCC11735E1C2}
	EndGlobalSection
EndGlobal
